
Microsoft Visual Studio Solution File, Format Version 12.00
# Visual Studio Version 16
VisualStudioVersion = 16.0.31105.61
MinimumVisualStudioVersion = 10.0.40219.1
Project("{8BC9CEB8-8B4A-11D0-8D11-00A0C91BC942}") = "replace", "replace\replace.vcxproj", "{CCFB49FD-6738-4AB9-93C0-38DEEEB615D5}"
EndProject
Global
	GlobalSection(SolutionConfigurationPlatforms) = preSolution
		Debug|x64 = Debug|x64
		Debug|x86 = Debug|x86
		Release|x64 = Release|x64
		Release|x86 = Release|x86
	EndGlobalSection
	GlobalSection(ProjectConfigurationPlatforms) = postSolution
		{CCFB49FD-6738-4AB9-93C0-38DEEEB615D5}.Debug|x64.ActiveCfg = Debug|x64
		{CCFB49FD-6738-4AB9-93C0-38DEEEB615D5}.Debug|x64.Build.0 = Debug|x64
		{CCFB49FD-6738-4AB9-93C0-38DEEEB615D5}.Debug|x86.ActiveCfg = Debug|Win32
		{CCFB49FD-6738-4AB9-93C0-38DEEEB615D5}.Debug|x86.Build.0 = Debug|Win32
		{CCFB49FD-6738-4AB9-93C0-38DEEEB615D5}.Release|x64.ActiveCfg = Release|x64
		{CCFB49FD-6738-4AB9-93C0-38DEEEB615D5}.Release|x64.Build.0 = Release|x64
		{CCFB49FD-6738-4AB9-93C0-38DEEEB615D5}.Release|x86.ActiveCfg = Release|Win32
		{CCFB49FD-6738-4AB9-93C0-38DEEEB615D5}.Release|x86.Build.0 = Release|Win32
	EndGlobalSection
	GlobalSection(SolutionProperties) = preSolution
		HideSolutionNode = FALSE
	EndGlobalSection
	GlobalSection(ExtensibilityGlobals) = postSolution
		SolutionGuid = {51D6D927-8CA2-4CC4-8F4D-0CC568882B98}
	EndGlobalSection
EndGlobal
